<Solution>
    <Folder Name="/context/foundation/">
        <File Path="context/foundation/domain.md" />
        <File Path="context/foundation/plan-apki.txt" />
        <File Path="context/foundation/deploy-plan.md" />
        <File Path="context/foundation/render-deploy.md" />
        <File Path="context/foundation/bootstrap-verification.md" />
    </Folder>
    <Folder Name="/context/foundation/architecture/">
        <File Path="context/foundation/architecture/architecture-guide.md" />
    </Folder>
    <Folder Name="/context/foundation/performance/">
        <File Path="context/foundation/performance/optimization.md" />
    </Folder>
    <Folder Name="/src/">
        <Project Path="src/HouseholdBudgetMate.Abstractions/HouseholdBudgetMate.Abstractions.csproj" />
        <Project Path="src/HouseholdBudgetMate.Application/HouseholdBudgetMate.Application.csproj" />
        <Project Path="src/HouseholdBudgetMate.Domain/HouseholdBudgetMate.Domain.csproj" />
        <Project Path="src/HouseholdBudgetMate.Installer/HouseholdBudgetMate.Installer.wixproj" Type="b7dd6f7e-def8-4e67-b5b7-07ef123db6f0" />
        <Project Path="src/HouseholdBudgetMate.Migrations/HouseholdBudgetMate.Migrations.csproj" />
        <Project Path="src/HouseholdBudgetMate.Tests/HouseholdBudgetMate.Tests.csproj" />
        <Project Path="src/HouseholdBudgetMate.Tray/HouseholdBudgetMate.Tray.csproj" />
        <Project Path="src/HouseholdBudgetMate.Web/HouseholdBudgetMate.Web.csproj" />
    </Folder>
</Solution>
